
Microsoft Visual Studio Solution File, Format Version 12.00
# Visual Studio Version 16
VisualStudioVersion = 16.0.30503.244
MinimumVisualStudioVersion = 10.0.40219.1
Project("{FAE04EC0-301F-11D3-BF4B-00C04F79EFBC}") = "TopDesk_DAL", "TopDesk_DAL\TopDesk_DAL.csproj", "{1BFA7FB5-B539-4A93-8DC6-B579AD6998D8}"
EndProject
Project("{FAE04EC0-301F-11D3-BF4B-00C04F79EFBC}") = "TopDesk_Logic", "TopDesk_Logic\TopDesk_Logic.csproj", "{C4A531A2-F59D-4CD8-9730-24704E7EA697}"
EndProject
Project("{FAE04EC0-301F-11D3-BF4B-00C04F79EFBC}") = "TopDesk_Model", "TopDesk_Model\TopDesk_Model.csproj", "{905BD7FA-B67C-465D-BA09-C7CE56E48110}"
EndProject
Project("{FAE04EC0-301F-11D3-BF4B-00C04F79EFBC}") = "TopDesk_UI", "TopDesk_UI\TopDesk_UI.csproj", "{621C9423-95FF-457A-8834-CAAACA86D602}"
EndProject
Global
	GlobalSection(SolutionConfigurationPlatforms) = preSolution
		Debug|Any CPU = Debug|Any CPU
		Release|Any CPU = Release|Any CPU
	EndGlobalSection
	GlobalSection(ProjectConfigurationPlatforms) = postSolution
		{1BFA7FB5-B539-4A93-8DC6-B579AD6998D8}.Debug|Any CPU.ActiveCfg = Debug|Any CPU
		{1BFA7FB5-B539-4A93-8DC6-B579AD6998D8}.Debug|Any CPU.Build.0 = Debug|Any CPU
		{1BFA7FB5-B539-4A93-8DC6-B579AD6998D8}.Release|Any CPU.ActiveCfg = Release|Any CPU
		{1BFA7FB5-B539-4A93-8DC6-B579AD6998D8}.Release|Any CPU.Build.0 = Release|Any CPU
		{C4A531A2-F59D-4CD8-9730-24704E7EA697}.Debug|Any CPU.ActiveCfg = Debug|Any CPU
		{C4A531A2-F59D-4CD8-9730-24704E7EA697}.Debug|Any CPU.Build.0 = Debug|Any CPU
		{C4A531A2-F59D-4CD8-9730-24704E7EA697}.Release|Any CPU.ActiveCfg = Release|Any CPU
		{C4A531A2-F59D-4CD8-9730-24704E7EA697}.Release|Any CPU.Build.0 = Release|Any CPU
		{905BD7FA-B67C-465D-BA09-C7CE56E48110}.Debug|Any CPU.ActiveCfg = Debug|Any CPU
		{905BD7FA-B67C-465D-BA09-C7CE56E48110}.Debug|Any CPU.Build.0 = Debug|Any CPU
		{905BD7FA-B67C-465D-BA09-C7CE56E48110}.Release|Any CPU.ActiveCfg = Release|Any CPU
		{905BD7FA-B67C-465D-BA09-C7CE56E48110}.Release|Any CPU.Build.0 = Release|Any CPU
		{621C9423-95FF-457A-8834-CAAACA86D602}.Debug|Any CPU.ActiveCfg = Debug|Any CPU
		{621C9423-95FF-457A-8834-CAAACA86D602}.Debug|Any CPU.Build.0 = Debug|Any CPU
		{621C9423-95FF-457A-8834-CAAACA86D602}.Release|Any CPU.ActiveCfg = Release|Any CPU
		{621C9423-95FF-457A-8834-CAAACA86D602}.Release|Any CPU.Build.0 = Release|Any CPU
	EndGlobalSection
	GlobalSection(SolutionProperties) = preSolution
		HideSolutionNode = FALSE
	EndGlobalSection
	GlobalSection(ExtensibilityGlobals) = postSolution
		SolutionGuid = {782D72B4-775E-4D4B-93D0-4518C28D32E9}
	EndGlobalSection
EndGlobal
